
Microsoft Visual Studio Solution File, Format Version 12.00
# Visual Studio Version 17
VisualStudioVersion = 17.13.35931.197 d17.13
MinimumVisualStudioVersion = 10.0.40219.1
Project("{FAE04EC0-301F-11D3-BF4B-00C04F79EFBC}") = "Cantina Premium", "Cantina Premium\Cantina Premium.csproj", "{C8128C40-86AD-4D26-931E-868AD2A2C712}"
EndProject
Global
	GlobalSection(SolutionConfigurationPlatforms) = preSolution
		Debug|Any CPU = Debug|Any CPU
		Release|Any CPU = Release|Any CPU
	EndGlobalSection
	GlobalSection(ProjectConfigurationPlatforms) = postSolution
		{C8128C40-86AD-4D26-931E-868AD2A2C712}.Debug|Any CPU.ActiveCfg = Debug|Any CPU
		{C8128C40-86AD-4D26-931E-868AD2A2C712}.Debug|Any CPU.Build.0 = Debug|Any CPU
		{C8128C40-86AD-4D26-931E-868AD2A2C712}.Release|Any CPU.ActiveCfg = Release|Any CPU
		{C8128C40-86AD-4D26-931E-868AD2A2C712}.Release|Any CPU.Build.0 = Release|Any CPU
	EndGlobalSection
	GlobalSection(SolutionProperties) = preSolution
		HideSolutionNode = FALSE
	EndGlobalSection
	GlobalSection(ExtensibilityGlobals) = postSolution
		SolutionGuid = {A61A0CC1-67D6-4E83-BDF5-B5954DF27BCD}
	EndGlobalSection
EndGlobal
